
Microsoft Visual Studio Solution File, Format Version 11.00
# Visual Studio 2010
Project("{FAE04EC0-301F-11D3-BF4B-00C04F79EFBC}") = "Client", "Client\Client.csproj", "{68D6A9D4-759D-4AF4-99BC-DB36E4ED4118}"
EndProject
Project("{FAE04EC0-301F-11D3-BF4B-00C04F79EFBC}") = "Client.Test", "Client.Test\Client.Test.csproj", "{26D44C07-CBEE-4A19-8202-32C0708CEC02}"
EndProject
Project("{2150E333-8FDC-42A3-9474-1A3956D46DE8}") = ".nuget", ".nuget", "{2016DF9C-4C45-48A2-BAFF-96EF743B34FA}"
	ProjectSection(SolutionItems) = preProject
		.nuget\NuGet.Config = .nuget\NuGet.Config
		.nuget\NuGet.exe = .nuget\NuGet.exe
		.nuget\NuGet.targets = .nuget\NuGet.targets
	EndProjectSection
EndProject
Global
	GlobalSection(SolutionConfigurationPlatforms) = preSolution
		Debug|Any CPU = Debug|Any CPU
		Release|Any CPU = Release|Any CPU
	EndGlobalSection
	GlobalSection(ProjectConfigurationPlatforms) = postSolution
		{68D6A9D4-759D-4AF4-99BC-DB36E4ED4118}.Debug|Any CPU.ActiveCfg = Debug|Any CPU
		{68D6A9D4-759D-4AF4-99BC-DB36E4ED4118}.Debug|Any CPU.Build.0 = Debug|Any CPU
		{68D6A9D4-759D-4AF4-99BC-DB36E4ED4118}.Release|Any CPU.ActiveCfg = Release|Any CPU
		{68D6A9D4-759D-4AF4-99BC-DB36E4ED4118}.Release|Any CPU.Build.0 = Release|Any CPU
		{26D44C07-CBEE-4A19-8202-32C0708CEC02}.Debug|Any CPU.ActiveCfg = Debug|Any CPU
		{26D44C07-CBEE-4A19-8202-32C0708CEC02}.Debug|Any CPU.Build.0 = Debug|Any CPU
		{26D44C07-CBEE-4A19-8202-32C0708CEC02}.Release|Any CPU.ActiveCfg = Release|Any CPU
		{26D44C07-CBEE-4A19-8202-32C0708CEC02}.Release|Any CPU.Build.0 = Release|Any CPU
	EndGlobalSection
	GlobalSection(SolutionProperties) = preSolution
		HideSolutionNode = FALSE
	EndGlobalSection
EndGlobal
